
Microsoft Visual Studio Solution File, Format Version 12.00
# Visual Studio Version 16
VisualStudioVersion = 16.0.29613.14
MinimumVisualStudioVersion = 15.0.26124.0
Project("{9A19103F-16F7-4668-BE54-9A1E7A4F7556}") = "ParkingAbilityServer", "src\ParkingAbilityServer.csproj", "{8DFF437D-95AE-41CF-948F-9FEC4540C9A7}"
EndProject
Project("{2150E333-8FDC-42A3-9474-1A3956D46DE8}") = "tests", "tests", "{BDDF1224-98DE-400B-8D4C-FE870D073DCA}"
	ProjectSection(SolutionItems) = preProject
		test.runsettings = test.runsettings
	EndProjectSection
EndProject
Project("{9A19103F-16F7-4668-BE54-9A1E7A4F7556}") = "ParkingAbilityServerTests", "tests\ParkingAbilityServerTests\ParkingAbilityServerTests.csproj", "{22CC03F7-16B3-4319-A2B4-AB9C43239312}"
EndProject
Global
	GlobalSection(SolutionConfigurationPlatforms) = preSolution
		Debug|Any CPU = Debug|Any CPU
		Debug|x64 = Debug|x64
		Debug|x86 = Debug|x86
		Release|Any CPU = Release|Any CPU
		Release|x64 = Release|x64
		Release|x86 = Release|x86
	EndGlobalSection
	GlobalSection(ProjectConfigurationPlatforms) = postSolution
		{8DFF437D-95AE-41CF-948F-9FEC4540C9A7}.Debug|Any CPU.ActiveCfg = Debug|Any CPU
		{8DFF437D-95AE-41CF-948F-9FEC4540C9A7}.Debug|Any CPU.Build.0 = Debug|Any CPU
		{8DFF437D-95AE-41CF-948F-9FEC4540C9A7}.Debug|x64.ActiveCfg = Debug|Any CPU
		{8DFF437D-95AE-41CF-948F-9FEC4540C9A7}.Debug|x64.Build.0 = Debug|Any CPU
		{8DFF437D-95AE-41CF-948F-9FEC4540C9A7}.Debug|x86.ActiveCfg = Debug|Any CPU
		{8DFF437D-95AE-41CF-948F-9FEC4540C9A7}.Debug|x86.Build.0 = Debug|Any CPU
		{8DFF437D-95AE-41CF-948F-9FEC4540C9A7}.Release|Any CPU.ActiveCfg = Release|Any CPU
		{8DFF437D-95AE-41CF-948F-9FEC4540C9A7}.Release|Any CPU.Build.0 = Release|Any CPU
		{8DFF437D-95AE-41CF-948F-9FEC4540C9A7}.Release|x64.ActiveCfg = Release|Any CPU
		{8DFF437D-95AE-41CF-948F-9FEC4540C9A7}.Release|x64.Build.0 = Release|Any CPU
		{8DFF437D-95AE-41CF-948F-9FEC4540C9A7}.Release|x86.ActiveCfg = Release|Any CPU
		{8DFF437D-95AE-41CF-948F-9FEC4540C9A7}.Release|x86.Build.0 = Release|Any CPU
		{22CC03F7-16B3-4319-A2B4-AB9C43239312}.Debug|Any CPU.ActiveCfg = Debug|Any CPU
		{22CC03F7-16B3-4319-A2B4-AB9C43239312}.Debug|Any CPU.Build.0 = Debug|Any CPU
		{22CC03F7-16B3-4319-A2B4-AB9C43239312}.Debug|x64.ActiveCfg = Debug|Any CPU
		{22CC03F7-16B3-4319-A2B4-AB9C43239312}.Debug|x64.Build.0 = Debug|Any CPU
		{22CC03F7-16B3-4319-A2B4-AB9C43239312}.Debug|x86.ActiveCfg = Debug|Any CPU
		{22CC03F7-16B3-4319-A2B4-AB9C43239312}.Debug|x86.Build.0 = Debug|Any CPU
		{22CC03F7-16B3-4319-A2B4-AB9C43239312}.Release|Any CPU.ActiveCfg = Release|Any CPU
		{22CC03F7-16B3-4319-A2B4-AB9C43239312}.Release|Any CPU.Build.0 = Release|Any CPU
		{22CC03F7-16B3-4319-A2B4-AB9C43239312}.Release|x64.ActiveCfg = Release|Any CPU
		{22CC03F7-16B3-4319-A2B4-AB9C43239312}.Release|x64.Build.0 = Release|Any CPU
		{22CC03F7-16B3-4319-A2B4-AB9C43239312}.Release|x86.ActiveCfg = Release|Any CPU
		{22CC03F7-16B3-4319-A2B4-AB9C43239312}.Release|x86.Build.0 = Release|Any CPU
	EndGlobalSection
	GlobalSection(SolutionProperties) = preSolution
		HideSolutionNode = FALSE
	EndGlobalSection
	GlobalSection(NestedProjects) = preSolution
		{22CC03F7-16B3-4319-A2B4-AB9C43239312} = {BDDF1224-98DE-400B-8D4C-FE870D073DCA}
	EndGlobalSection
	GlobalSection(ExtensibilityGlobals) = postSolution
		SolutionGuid = {5FA0BB77-A84A-48F5-9657-997DFDDA449E}
	EndGlobalSection
EndGlobal
